
Microsoft Visual Studio Solution File, Format Version 12.00
# Visual Studio Version 16
VisualStudioVersion = 16.0.30621.155
MinimumVisualStudioVersion = 10.0.40219.1
Project("{FAE04EC0-301F-11D3-BF4B-00C04F79EFBC}") = "GUI Practice", "GUI Practice.csproj", "{F872B83F-E1C8-48DF-84CD-57B5D5FA7E5C}"
EndProject
Global
	GlobalSection(SolutionConfigurationPlatforms) = preSolution
		Debug|Any CPU = Debug|Any CPU
		Release|Any CPU = Release|Any CPU
	EndGlobalSection
	GlobalSection(ProjectConfigurationPlatforms) = postSolution
		{F872B83F-E1C8-48DF-84CD-57B5D5FA7E5C}.Debug|Any CPU.ActiveCfg = Debug|Any CPU
		{F872B83F-E1C8-48DF-84CD-57B5D5FA7E5C}.Debug|Any CPU.Build.0 = Debug|Any CPU
		{F872B83F-E1C8-48DF-84CD-57B5D5FA7E5C}.Release|Any CPU.ActiveCfg = Release|Any CPU
		{F872B83F-E1C8-48DF-84CD-57B5D5FA7E5C}.Release|Any CPU.Build.0 = Release|Any CPU
	EndGlobalSection
	GlobalSection(SolutionProperties) = preSolution
		HideSolutionNode = FALSE
	EndGlobalSection
	GlobalSection(ExtensibilityGlobals) = postSolution
		SolutionGuid = {4DC05FB3-08C6-4990-A167-1CFFE9C5432F}
	EndGlobalSection
EndGlobal
